
Microsoft Visual Studio Solution File, Format Version 12.00
# Visual Studio Version 17
VisualStudioVersion = 17.12.35527.113
MinimumVisualStudioVersion = 10.0.40219.1
Project("{2150E333-8FDC-42A3-9474-1A3956D46DE8}") = "Source", "Source", "{00B2B2D8-757A-4832-B58A-9ACDB6210317}"
EndProject
Project("{2150E333-8FDC-42A3-9474-1A3956D46DE8}") = "Application", "Application", "{8F6B2D8D-5E9F-4AC7-980E-44C86E5198B7}"
EndProject
Project("{2150E333-8FDC-42A3-9474-1A3956D46DE8}") = "Azure", "Azure", "{ACFF757E-EFE8-4E36-8EC1-10961C09BBFD}"
EndProject
Project("{2150E333-8FDC-42A3-9474-1A3956D46DE8}") = "AWS", "AWS", "{24E02DEC-B221-4E9A-8570-D7836A7558A8}"
EndProject
Project("{FAE04EC0-301F-11D3-BF4B-00C04F79EFBC}") = "Reference.Api.Shared", "src\Reference.Api.Shared\Reference.Api.Shared.csproj", "{2F46FAFC-7172-4664-9EED-AAF58B18D32E}"
EndProject
Project("{2150E333-8FDC-42A3-9474-1A3956D46DE8}") = "Domain", "Domain", "{23437A8B-22B3-4869-AAA4-F73399942E58}"
EndProject
Project("{FAE04EC0-301F-11D3-BF4B-00C04F79EFBC}") = "Reference.Domain", "src\Reference.Domain\Reference.Domain.csproj", "{37260DB7-0CB6-409F-97F1-EC638103094A}"
EndProject
Project("{FAE04EC0-301F-11D3-BF4B-00C04F79EFBC}") = "Reference.Api.AWS", "src\Reference.Api.AWS\Reference.Api.AWS.csproj", "{6C87C094-C6A6-4742-83F7-7191694EA4BA}"
EndProject
Project("{A07B5EB6-E848-4116-A8D0-A826331D98C6}") = "Reference.Api.Azure.Service", "src\Reference.Api.Azure.Service\Reference.Api.Azure.Service.sfproj", "{A3DED975-A605-459D-840C-7C095C60EADF}"
EndProject
Project("{FAE04EC0-301F-11D3-BF4B-00C04F79EFBC}") = "Reference.Api.Azure", "src\Reference.Api.Azure\Reference.Api.Azure.csproj", "{FF4E869E-8393-4BF5-B605-9B51C10DB069}"
EndProject
Global
	GlobalSection(SolutionConfigurationPlatforms) = preSolution
		Debug|Any CPU = Debug|Any CPU
		Debug|x64 = Debug|x64
		Release|Any CPU = Release|Any CPU
		Release|x64 = Release|x64
	EndGlobalSection
	GlobalSection(ProjectConfigurationPlatforms) = postSolution
		{2F46FAFC-7172-4664-9EED-AAF58B18D32E}.Debug|Any CPU.ActiveCfg = Debug|Any CPU
		{2F46FAFC-7172-4664-9EED-AAF58B18D32E}.Debug|Any CPU.Build.0 = Debug|Any CPU
		{2F46FAFC-7172-4664-9EED-AAF58B18D32E}.Debug|x64.ActiveCfg = Debug|Any CPU
		{2F46FAFC-7172-4664-9EED-AAF58B18D32E}.Debug|x64.Build.0 = Debug|Any CPU
		{2F46FAFC-7172-4664-9EED-AAF58B18D32E}.Release|Any CPU.ActiveCfg = Release|Any CPU
		{2F46FAFC-7172-4664-9EED-AAF58B18D32E}.Release|Any CPU.Build.0 = Release|Any CPU
		{2F46FAFC-7172-4664-9EED-AAF58B18D32E}.Release|x64.ActiveCfg = Release|Any CPU
		{2F46FAFC-7172-4664-9EED-AAF58B18D32E}.Release|x64.Build.0 = Release|Any CPU
		{37260DB7-0CB6-409F-97F1-EC638103094A}.Debug|Any CPU.ActiveCfg = Debug|Any CPU
		{37260DB7-0CB6-409F-97F1-EC638103094A}.Debug|Any CPU.Build.0 = Debug|Any CPU
		{37260DB7-0CB6-409F-97F1-EC638103094A}.Debug|x64.ActiveCfg = Debug|Any CPU
		{37260DB7-0CB6-409F-97F1-EC638103094A}.Debug|x64.Build.0 = Debug|Any CPU
		{37260DB7-0CB6-409F-97F1-EC638103094A}.Release|Any CPU.ActiveCfg = Release|Any CPU
		{37260DB7-0CB6-409F-97F1-EC638103094A}.Release|Any CPU.Build.0 = Release|Any CPU
		{37260DB7-0CB6-409F-97F1-EC638103094A}.Release|x64.ActiveCfg = Release|Any CPU
		{37260DB7-0CB6-409F-97F1-EC638103094A}.Release|x64.Build.0 = Release|Any CPU
		{6C87C094-C6A6-4742-83F7-7191694EA4BA}.Debug|Any CPU.ActiveCfg = Debug|Any CPU
		{6C87C094-C6A6-4742-83F7-7191694EA4BA}.Debug|Any CPU.Build.0 = Debug|Any CPU
		{6C87C094-C6A6-4742-83F7-7191694EA4BA}.Debug|x64.ActiveCfg = Debug|Any CPU
		{6C87C094-C6A6-4742-83F7-7191694EA4BA}.Debug|x64.Build.0 = Debug|Any CPU
		{6C87C094-C6A6-4742-83F7-7191694EA4BA}.Release|Any CPU.ActiveCfg = Release|Any CPU
		{6C87C094-C6A6-4742-83F7-7191694EA4BA}.Release|Any CPU.Build.0 = Release|Any CPU
		{6C87C094-C6A6-4742-83F7-7191694EA4BA}.Release|x64.ActiveCfg = Release|Any CPU
		{6C87C094-C6A6-4742-83F7-7191694EA4BA}.Release|x64.Build.0 = Release|Any CPU
		{A3DED975-A605-459D-840C-7C095C60EADF}.Debug|Any CPU.ActiveCfg = Debug|x64
		{A3DED975-A605-459D-840C-7C095C60EADF}.Debug|Any CPU.Build.0 = Debug|x64
		{A3DED975-A605-459D-840C-7C095C60EADF}.Debug|Any CPU.Deploy.0 = Debug|x64
		{A3DED975-A605-459D-840C-7C095C60EADF}.Debug|x64.ActiveCfg = Debug|x64
		{A3DED975-A605-459D-840C-7C095C60EADF}.Debug|x64.Build.0 = Debug|x64
		{A3DED975-A605-459D-840C-7C095C60EADF}.Debug|x64.Deploy.0 = Debug|x64
		{A3DED975-A605-459D-840C-7C095C60EADF}.Release|Any CPU.ActiveCfg = Release|x64
		{A3DED975-A605-459D-840C-7C095C60EADF}.Release|Any CPU.Build.0 = Release|x64
		{A3DED975-A605-459D-840C-7C095C60EADF}.Release|Any CPU.Deploy.0 = Release|x64
		{A3DED975-A605-459D-840C-7C095C60EADF}.Release|x64.ActiveCfg = Release|x64
		{A3DED975-A605-459D-840C-7C095C60EADF}.Release|x64.Build.0 = Release|x64
		{A3DED975-A605-459D-840C-7C095C60EADF}.Release|x64.Deploy.0 = Release|x64
		{FF4E869E-8393-4BF5-B605-9B51C10DB069}.Debug|Any CPU.ActiveCfg = Debug|Any CPU
		{FF4E869E-8393-4BF5-B605-9B51C10DB069}.Debug|Any CPU.Build.0 = Debug|Any CPU
		{FF4E869E-8393-4BF5-B605-9B51C10DB069}.Debug|x64.ActiveCfg = Debug|Any CPU
		{FF4E869E-8393-4BF5-B605-9B51C10DB069}.Debug|x64.Build.0 = Debug|Any CPU
		{FF4E869E-8393-4BF5-B605-9B51C10DB069}.Release|Any CPU.ActiveCfg = Release|Any CPU
		{FF4E869E-8393-4BF5-B605-9B51C10DB069}.Release|Any CPU.Build.0 = Release|Any CPU
		{FF4E869E-8393-4BF5-B605-9B51C10DB069}.Release|x64.ActiveCfg = Release|Any CPU
		{FF4E869E-8393-4BF5-B605-9B51C10DB069}.Release|x64.Build.0 = Release|Any CPU
	EndGlobalSection
	GlobalSection(SolutionProperties) = preSolution
		HideSolutionNode = FALSE
	EndGlobalSection
	GlobalSection(NestedProjects) = preSolution
		{8F6B2D8D-5E9F-4AC7-980E-44C86E5198B7} = {00B2B2D8-757A-4832-B58A-9ACDB6210317}
		{ACFF757E-EFE8-4E36-8EC1-10961C09BBFD} = {8F6B2D8D-5E9F-4AC7-980E-44C86E5198B7}
		{24E02DEC-B221-4E9A-8570-D7836A7558A8} = {8F6B2D8D-5E9F-4AC7-980E-44C86E5198B7}
		{2F46FAFC-7172-4664-9EED-AAF58B18D32E} = {8F6B2D8D-5E9F-4AC7-980E-44C86E5198B7}
		{23437A8B-22B3-4869-AAA4-F73399942E58} = {00B2B2D8-757A-4832-B58A-9ACDB6210317}
		{37260DB7-0CB6-409F-97F1-EC638103094A} = {23437A8B-22B3-4869-AAA4-F73399942E58}
		{6C87C094-C6A6-4742-83F7-7191694EA4BA} = {24E02DEC-B221-4E9A-8570-D7836A7558A8}
		{A3DED975-A605-459D-840C-7C095C60EADF} = {ACFF757E-EFE8-4E36-8EC1-10961C09BBFD}
		{FF4E869E-8393-4BF5-B605-9B51C10DB069} = {ACFF757E-EFE8-4E36-8EC1-10961C09BBFD}
	EndGlobalSection
EndGlobal
